# Migration inventory lock.
#
# Released migration SQL is immutable: a database that already recorded version
# N will never re-run it, so editing N changes what fresh installs get while
# leaving existing ones behind. Fix forward with a new migration instead.
#
# Regenerate deliberately (and explain why in the commit) when adding a
# migration:  go run ./cmd/inventorylock
#
# version	sha256	filename
1	238be773dad91ef771b66f2c3ea14e9eacb49f76d30d8b0ca0e385058ae3c459	00001_initial_schema.sql
2	1be577f27419d3faaf5b6ab96988cbfdab0e1eef343ee612cb47818ea698f273	00002_add_user_avatar.sql
3	0646621ad55ec1d0746f5cf52795c951b77ee9e92bd7be14ae7b92429143aefc	00003_outbox_listen_notify.sql
4	c7d047f49cba08e392acf3d93f4d4f65663a10a7323d1ec7f09c8a5ca6a5b6b6	00004_api_key_roles.sql
5	5b2618b04ca788d89d443e714260d08f9eceb3c104a9e2cdbcc5d884aefd1861	00005_add_session_metadata_to_refresh_tokens.sql
6	7067c01814511520ae6b5edd20f4183b3c69a6e54a7d7203d2e8329943fd1a67	00006_add_template_html_content.sql
7	0bbb6de3af1d2a936ed45a637c7479d851a1d78f42196084fa73255bc5e863bb	00007_blog_module.sql
8	3662beab84fa488c96effa0c22f3b6e5698117ea79d8513efd75b198b0bfbd37	00008_fix_two_factor_secret_size.sql
9	a975f03c62f7cd6f79bbb035af940477d4654d8b1615ea1fabf049c01237e7d0	00009_blog_settings.sql
10	952efe033f9cf907e4be2fd0d3324f630754643713a2a3acb4ff06a0b4cdd53e	00010_post_seo_fields.sql
11	e91c37328c1a1ab01c0874e9af59bd66c8099b9f24c9723cd451e14ece96c519	00011_add_comment_depth.sql
12	32f1480c3721594a23dc58e7a40efcb54bc19602e216dc3e8081a561ae7c5810	00012_fix_partial_unique_indexes.sql
13	e6499b7e006d5af2c5fb192b37d723f2d8c0591c8ff94b0cc6490f8e28e02538	00013_add_missing_foreign_keys.sql
14	e73c464906ce7c17955b79df0c7bff005d4e36bd04da458d65c356757dc1d0dc	00014_schema_improvements.sql
15	957d8f230e10d450f9c3ffc6fdc834d9375e1d254ff836668ab65a42ef845deb	00015_add_template_created_by.sql
16	a949043223b4be187b06046fa23a4954cab4abd58a8b4ed984343fd456fd07cd	00016_blog_partial_slug_indexes.sql
